
Microsoft Visual Studio Solution File, Format Version 12.00
# Visual Studio Version 16
VisualStudioVersion = 16.0.29102.190
MinimumVisualStudioVersion = 10.0.40219.1
Project("{FAE04EC0-301F-11D3-BF4B-00C04F79EFBC}") = "ForEachApp", "ForEachApp\ForEachApp.csproj", "{DA664EB3-A8C7-427A-99D1-698F484126A9}"
EndProject
Project("{FAE04EC0-301F-11D3-BF4B-00C04F79EFBC}") = "PeopleLibrary", "PeopleLibrary\PeopleLibrary.csproj", "{4F8789E1-2ED1-4FB1-97C4-124C13D628AB}"
EndProject
Global
	GlobalSection(SolutionConfigurationPlatforms) = preSolution
		Debug|Any CPU = Debug|Any CPU
		Release|Any CPU = Release|Any CPU
	EndGlobalSection
	GlobalSection(ProjectConfigurationPlatforms) = postSolution
		{DA664EB3-A8C7-427A-99D1-698F484126A9}.Debug|Any CPU.ActiveCfg = Debug|Any CPU
		{DA664EB3-A8C7-427A-99D1-698F484126A9}.Debug|Any CPU.Build.0 = Debug|Any CPU
		{DA664EB3-A8C7-427A-99D1-698F484126A9}.Release|Any CPU.ActiveCfg = Release|Any CPU
		{DA664EB3-A8C7-427A-99D1-698F484126A9}.Release|Any CPU.Build.0 = Release|Any CPU
		{4F8789E1-2ED1-4FB1-97C4-124C13D628AB}.Debug|Any CPU.ActiveCfg = Debug|Any CPU
		{4F8789E1-2ED1-4FB1-97C4-124C13D628AB}.Debug|Any CPU.Build.0 = Debug|Any CPU
		{4F8789E1-2ED1-4FB1-97C4-124C13D628AB}.Release|Any CPU.ActiveCfg = Release|Any CPU
		{4F8789E1-2ED1-4FB1-97C4-124C13D628AB}.Release|Any CPU.Build.0 = Release|Any CPU
	EndGlobalSection
	GlobalSection(SolutionProperties) = preSolution
		HideSolutionNode = FALSE
	EndGlobalSection
	GlobalSection(ExtensibilityGlobals) = postSolution
		SolutionGuid = {CC7AD664-3889-4836-84BD-54F3FB081C1A}
	EndGlobalSection
EndGlobal
